
Microsoft Visual Studio Solution File, Format Version 12.00
# Visual Studio Version 17
VisualStudioVersion = 17.5.33414.496
MinimumVisualStudioVersion = 10.0.40219.1
Project("{9A19103F-16F7-4668-BE54-9A1E7A4F7556}") = "consulting_Bot", "consulting_Bot.csproj", "{3DE2930F-754D-4C50-AD27-4635B014C6B9}"
EndProject
Global
	GlobalSection(SolutionConfigurationPlatforms) = preSolution
		Debug|Any CPU = Debug|Any CPU
		Release|Any CPU = Release|Any CPU
	EndGlobalSection
	GlobalSection(ProjectConfigurationPlatforms) = postSolution
		{3DE2930F-754D-4C50-AD27-4635B014C6B9}.Debug|Any CPU.ActiveCfg = Debug|Any CPU
		{3DE2930F-754D-4C50-AD27-4635B014C6B9}.Debug|Any CPU.Build.0 = Debug|Any CPU
		{3DE2930F-754D-4C50-AD27-4635B014C6B9}.Release|Any CPU.ActiveCfg = Release|Any CPU
		{3DE2930F-754D-4C50-AD27-4635B014C6B9}.Release|Any CPU.Build.0 = Release|Any CPU
	EndGlobalSection
	GlobalSection(SolutionProperties) = preSolution
		HideSolutionNode = FALSE
	EndGlobalSection
	GlobalSection(ExtensibilityGlobals) = postSolution
		SolutionGuid = {E097F044-6C3D-4AF9-AA8D-EEF0793F62C1}
	EndGlobalSection
EndGlobal
